// !$*UTF8*$!
{
	archiveVersion = 1;
	classes = {
	};
	objectVersion = 46;
	objects = {

/* Begin PBXBuildFile section */
		3B1EEAE419E66B0F000E4927 /* main.m in Sources */ = {isa = PBXBuildFile; fileRef = 3B1EEAE319E66B0E000E4927 /* main.m */; };
		3B1EEAE719E66B0F000E4927 /* AppDelegate.m in Sources */ = {isa = PBXBuildFile; fileRef = 3B1EEAE619E66B0F000E4927 /* AppDelegate.m */; };
		3B1EEAEA19E66B0F000E4927 /* FirstViewController.m in Sources */ = {isa = PBXBuildFile; fileRef = 3B1EEAE919E66B0F000E4927 /* FirstViewController.m */; };
		3B1EEAED19E66B0F000E4927 /* SecondViewController.m in Sources */ = {isa = PBXBuildFile; fileRef = 3B1EEAEC19E66B0F000E4927 /* SecondViewController.m */; };
		3B1EEAF019E66B0F000E4927 /* Main.storyboard in Resources */ = {isa = PBXBuildFile; fileRef = 3B1EEAEE19E66B0F000E4927 /* Main.storyboard */; };
		3B1EEAF219E66B0F000E4927 /* Images.xcassets in Resources */ = {isa = PBXBuildFile; fileRef = 3B1EEAF119E66B0F000E4927 /* Images.xcassets */; };
		3B1EEAF519E66B0F000E4927 /* LaunchScreen.xib in Resources */ = {isa = PBXBuildFile; fileRef = 3B1EEAF319E66B0F000E4927 /* LaunchScreen.xib */; };
		3B1EEB0119E66B0F000E4927 /* WeatherTestTests.m in Sources */ = {isa = PBXBuildFile; fileRef = 3B1EEB0019E66B0F000E4927 /* WeatherTestTests.m */; };
/* End PBXBuildFile section */

/* Begin PBXContainerItemProxy section */
		3B1EEAFB19E66B0F000E4927 /* PBXContainerItemProxy */ = {
			isa = PBXContainerItemProxy;
			containerPortal = 3B1EEAD619E66B0E000E4927 /* Project object */;
			proxyType = 1;
			remoteGlobalIDString = 3B1EEADD19E66B0E000E4927;
			remoteInfo = WeatherTest;
		};
/* End PBXContainerItemProxy section */

/* Begin PBXFileReference section */
		3B1EEADE19E66B0E000E4927 /* WeatherTest.app */ = {isa = PBXFileReference; explicitFileType = wrapper.application; includeInIndex = 0; path = WeatherTest.app; sourceTree = BUILT_PRODUCTS_DIR; };
		3B1EEAE219E66B0E000E4927 /* Info.plist */ = {isa = PBXFileReference; lastKnownFileType = text.plist.xml; path = Info.plist; sourceTree = "<group>"; };
		3B1EEAE319E66B0E000E4927 /* main.m */ = {isa = PBXFileReference; lastKnownFileType = sourcecode.c.objc; path = main.m; sourceTree = "<group>"; };
		3B1EEAE519E66B0F000E4927 /* AppDelegate.h */ = {isa = PBXFileReference; lastKnownFileType = sourcecode.c.h; path = AppDelegate.h; sourceTree = "<group>"; };
		3B1EEAE619E66B0F000E4927 /* AppDelegate.m */ = {isa = PBXFileReference; lastKnownFileType = sourcecode.c.objc; path = AppDelegate.m; sourceTree = "<group>"; };
		3B1EEAE819E66B0F000E4927 /* FirstViewController.h */ = {isa = PBXFileReference; lastKnownFileType = sourcecode.c.h; path = FirstViewController.h; sourceTree = "<group>"; };
		3B1EEAE919E66B0F000E4927 /* FirstViewController.m */ = {isa = PBXFileReference; lastKnownFileType = sourcecode.c.objc; path = FirstViewController.m; sourceTree = "<group>"; };
		3B1EEAEB19E66B0F000E4927 /* SecondViewController.h */ = {isa = PBXFileReference; lastKnownFileType = sourcecode.c.h; path = SecondViewController.h; sourceTree = "<group>"; };
		3B1EEAEC19E66B0F000E4927 /* SecondViewController.m */ = {isa = PBXFileReference; lastKnownFileType = sourcecode.c.objc; path = SecondViewController.m; sourceTree = "<group>"; };
		3B1EEAEF19E66B0F000E4927 /* Base */ = {isa = PBXFileReference; lastKnownFileType = file.storyboard; name = Base; path = Base.lproj/Main.storyboard; sourceTree = "<group>"; };
		3B1EEAF119E66B0F000E4927 /* Images.xcassets */ = {isa = PBXFileReference; lastKnownFileType = folder.assetcatalog; path = Images.xcassets; sourceTree = "<group>"; };
		3B1EEAF419E66B0F000E4927 /* Base */ = {isa = PBXFileReference; lastKnownFileType = file.xib; name = Base; path = Base.lproj/LaunchScreen.xib; sourceTree = "<group>"; };
		3B1EEAFA19E66B0F000E4927 /* WeatherTestTests.xctest */ = {isa = PBXFileReference; explicitFileType = wrapper.cfbundle; includeInIndex = 0; path = WeatherTestTests.xctest; sourceTree = BUILT_PRODUCTS_DIR; };
		3B1EEAFF19E66B0F000E4927 /* Info.plist */ = {isa = PBXFileReference; lastKnownFileType = text.plist.xml; path = Info.plist; sourceTree = "<group>"; };
		3B1EEB0019E66B0F000E4927 /* WeatherTestTests.m */ = {isa = PBXFileReference; lastKnownFileType = sourcecode.c.objc; path = WeatherTestTests.m; sourceTree = "<group>"; };
/* End PBXFileReference section */

/* Begin PBXFrameworksBuildPhase section */
		3B1EEADB19E66B0E000E4927 /* Frameworks */ = {
			isa = PBXFrameworksBuildPhase;
			buildActionMask = 2147483647;
			files = (
			);
			runOnlyForDeploymentPostprocessing = 0;
		};
		3B1EEAF719E66B0F000E4927 /* Frameworks */ = {
			isa = PBXFrameworksBuildPhase;
			buildActionMask = 2147483647;
			files = (
			);
			runOnlyForDeploymentPostprocessing = 0;
		};
/* End PBXFrameworksBuildPhase section */

/* Begin PBXGroup section */
		3B1EEAD519E66B0E000E4927 = {
			isa = PBXGroup;
			children = (
				3B1EEAE019E66B0E000E4927 /* WeatherTest */,
				3B1EEAFD19E66B0F000E4927 /* WeatherTestTests */,
				3B1EEADF19E66B0E000E4927 /* Products */,
			);
			sourceTree = "<group>";
		};
		3B1EEADF19E66B0E000E4927 /* Products */ = {
			isa = PBXGroup;
			children = (
				3B1EEADE19E66B0E000E4927 /* WeatherTest.app */,
				3B1EEAFA19E66B0F000E4927 /* WeatherTestTests.xctest */,
			);
			name = Products;
			sourceTree = "<group>";
		};
		3B1EEAE019E66B0E000E4927 /* WeatherTest */ = {
			isa = PBXGroup;
			children = (
				3B1EEAE519E66B0F000E4927 /* AppDelegate.h */,
				3B1EEAE619E66B0F000E4927 /* AppDelegate.m */,
				3B1EEAE819E66B0F000E4927 /* FirstViewController.h */,
				3B1EEAE919E66B0F000E4927 /* FirstViewController.m */,
				3B1EEAEB19E66B0F000E4927 /* SecondViewController.h */,
				3B1EEAEC19E66B0F000E4927 /* SecondViewController.m */,
				3B1EEAEE19E66B0F000E4927 /* Main.storyboard */,
				3B1EEAF119E66B0F000E4927 /* Images.xcassets */,
				3B1EEAF319E66B0F000E4927 /* LaunchScreen.xib */,
				3B1EEAE119E66B0E000E4927 /* Supporting Files */,
			);
			path = WeatherTest;
			sourceTree = "<group>";
		};
		3B1EEAE119E66B0E000E4927 /* Supporting Files */ = {
			isa = PBXGroup;
			children = (
				3B1EEAE219E66B0E000E4927 /* Info.plist */,
				3B1EEAE319E66B0E000E4927 /* main.m */,
			);
			name = "Supporting Files";
			sourceTree = "<group>";
		};
		3B1EEAFD19E66B0F000E4927 /* WeatherTestTests */ = {
			isa = PBXGroup;
			children = (
				3B1EEB0019E66B0F000E4927 /* WeatherTestTests.m */,
				3B1EEAFE19E66B0F000E4927 /* Supporting Files */,
			);
			path = WeatherTestTests;
			sourceTree = "<group>";
		};
		3B1EEAFE19E66B0F000E4927 /* Supporting Files */ = {
			isa = PBXGroup;
			children = (
				3B1EEAFF19E66B0F000E4927 /* Info.plist */,
			);
			name = "Supporting Files";
			sourceTree = "<group>";
		};
/* End PBXGroup section */

/* Begin PBXNativeTarget section */
		3B1EEADD19E66B0E000E4927 /* WeatherTest */ = {
			isa = PBXNativeTarget;
			buildConfigurationList = 3B1EEB0419E66B0F000E4927 /* Build configuration list for PBXNativeTarget "WeatherTest" */;
			buildPhases = (
				3B1EEADA19E66B0E000E4927 /* Sources */,
				3B1EEADB19E66B0E000E4927 /* Frameworks */,
				3B1EEADC19E66B0E000E4927 /* Resources */,
			);
			buildRules = (
			);
			dependencies = (
			);
			name = WeatherTest;
			productName = WeatherTest;
			productReference = 3B1EEADE19E66B0E000E4927 /* WeatherTest.app */;
			productType = "com.apple.product-type.application";
		};
		3B1EEAF919E66B0F000E4927 /* WeatherTestTests */ = {
			isa = PBXNativeTarget;
			buildConfigurationList = 3B1EEB0719E66B0F000E4927 /* Build configuration list for PBXNativeTarget "WeatherTestTests" */;
			buildPhases = (
				3B1EEAF619E66B0F000E4927 /* Sources */,
				3B1EEAF719E66B0F000E4927 /* Frameworks */,
				3B1EEAF819E66B0F000E4927 /* Resources */,
			);
			buildRules = (
			);
			dependencies = (
				3B1EEAFC19E66B0F000E4927 /* PBXTargetDependency */,
			);
			name = WeatherTestTests;
			productName = WeatherTestTests;
			productReference = 3B1EEAFA19E66B0F000E4927 /* WeatherTestTests.xctest */;
			productType = "com.apple.product-type.bundle.unit-test";
		};
/* End PBXNativeTarget section */

/* Begin PBXProject section */
		3B1EEAD619E66B0E000E4927 /* Project object */ = {
			isa = PBXProject;
			attributes = {
				LastUpgradeCheck = 0600;
				ORGANIZATIONNAME = "Jakub Truhlar";
				TargetAttributes = {
					3B1EEADD19E66B0E000E4927 = {
						CreatedOnToolsVersion = 6.0;
					};
					3B1EEAF919E66B0F000E4927 = {
						CreatedOnToolsVersion = 6.0;
						TestTargetID = 3B1EEADD19E66B0E000E4927;
					};
				};
			};
			buildConfigurationList = 3B1EEAD919E66B0E000E4927 /* Build configuration list for PBXProject "WeatherTest" */;
			compatibilityVersion = "Xcode 3.2";
			developmentRegion = English;
			hasScannedForEncodings = 0;
			knownRegions = (
				en,
				Base,
			);
			mainGroup = 3B1EEAD519E66B0E000E4927;
			productRefGroup = 3B1EEADF19E66B0E000E4927 /* Products */;
			projectDirPath = "";
			projectRoot = "";
			targets = (
				3B1EEADD19E66B0E000E4927 /* WeatherTest */,
				3B1EEAF919E66B0F000E4927 /* WeatherTestTests */,
			);
		};
/* End PBXProject section */

/* Begin PBXResourcesBuildPhase section */
		3B1EEADC19E66B0E000E4927 /* Resources */ = {
			isa = PBXResourcesBuildPhase;
			buildActionMask = 2147483647;
			files = (
				3B1EEAF019E66B0F000E4927 /* Main.storyboard in Resources */,
				3B1EEAF519E66B0F000E4927 /* LaunchScreen.xib in Resources */,
				3B1EEAF219E66B0F000E4927 /* Images.xcassets in Resources */,
			);
			runOnlyForDeploymentPostprocessing = 0;
		};
		3B1EEAF819E66B0F000E4927 /* Resources */ = {
			isa = PBXResourcesBuildPhase;
			buildActionMask = 2147483647;
			files = (
			);
			runOnlyForDeploymentPostprocessing = 0;
		};
/* End PBXResourcesBuildPhase section */

/* Begin PBXSourcesBuildPhase section */
		3B1EEADA19E66B0E000E4927 /* Sources */ = {
			isa = PBXSourcesBuildPhase;
			buildActionMask = 2147483647;
			files = (
				3B1EEAED19E66B0F000E4927 /* SecondViewController.m in Sources */,
				3B1EEAE719E66B0F000E4927 /* AppDelegate.m in Sources */,
				3B1EEAEA19E66B0F000E4927 /* FirstViewController.m in Sources */,
				3B1EEAE419E66B0F000E4927 /* main.m in Sources */,
			);
			runOnlyForDeploymentPostprocessing = 0;
		};
		3B1EEAF619E66B0F000E4927 /* Sources */ = {
			isa = PBXSourcesBuildPhase;
			buildActionMask = 2147483647;
			files = (
				3B1EEB0119E66B0F000E4927 /* WeatherTestTests.m in Sources */,
			);
			runOnlyForDeploymentPostprocessing = 0;
		};
/* End PBXSourcesBuildPhase section */

/* Begin PBXTargetDependency section */
		3B1EEAFC19E66B0F000E4927 /* PBXTargetDependency */ = {
			isa = PBXTargetDependency;
			target = 3B1EEADD19E66B0E000E4927 /* WeatherTest */;
			targetProxy = 3B1EEAFB19E66B0F000E4927 /* PBXContainerItemProxy */;
		};
/* End PBXTargetDependency section */

/* Begin PBXVariantGroup section */
		3B1EEAEE19E66B0F000E4927 /* Main.storyboard */ = {
			isa = PBXVariantGroup;
			children = (
				3B1EEAEF19E66B0F000E4927 /* Base */,
			);
			name = Main.storyboard;
			sourceTree = "<group>";
		};
		3B1EEAF319E66B0F000E4927 /* LaunchScreen.xib */ = {
			isa = PBXVariantGroup;
			children = (
				3B1EEAF419E66B0F000E4927 /* Base */,
			);
			name = LaunchScreen.xib;
			sourceTree = "<group>";
		};
/* End PBXVariantGroup section */

/* Begin XCBuildConfiguration section */
		3B1EEB0219E66B0F000E4927 /* Debug */ = {
			isa = XCBuildConfiguration;
			buildSettings = {
				ALWAYS_SEARCH_USER_PATHS = NO;
				CLANG_CXX_LANGUAGE_STANDARD = "gnu++0x";
				CLANG_CXX_LIBRARY = "libc++";
				CLANG_ENABLE_MODULES = YES;
				CLANG_ENABLE_OBJC_ARC = YES;
				CLANG_WARN_BOOL_CONVERSION = YES;
				CLANG_WARN_CONSTANT_CONVERSION = YES;
				CLANG_WARN_DIRECT_OBJC_ISA_USAGE = YES_ERROR;
				CLANG_WARN_EMPTY_BODY = YES;
				CLANG_WARN_ENUM_CONVERSION = YES;
				CLANG_WARN_INT_CONVERSION = YES;
				CLANG_WARN_OBJC_ROOT_CLASS = YES_ERROR;
				CLANG_WARN_UNREACHABLE_CODE = YES;
				CLANG_WARN__DUPLICATE_METHOD_MATCH = YES;
				"CODE_SIGN_IDENTITY[sdk=iphoneos*]" = "iPhone Developer";
				COPY_PHASE_STRIP = NO;
				ENABLE_STRICT_OBJC_MSGSEND = YES;
				GCC_C_LANGUAGE_STANDARD = gnu99;
				GCC_DYNAMIC_NO_PIC = NO;
				GCC_OPTIMIZATION_LEVEL = 0;
				GCC_PREPROCESSOR_DEFINITIONS = (
					"DEBUG=1",
					"$(inherited)",
				);
				GCC_SYMBOLS_PRIVATE_EXTERN = NO;
				GCC_WARN_64_TO_32_BIT_CONVERSION = YES;
				GCC_WARN_ABOUT_RETURN_TYPE = YES_ERROR;
				GCC_WARN_UNDECLARED_SELECTOR = YES;
				GCC_WARN_UNINITIALIZED_AUTOS = YES_AGGRESSIVE;
				GCC_WARN_UNUSED_FUNCTION = YES;
				GCC_WARN_UNUSED_VARIABLE = YES;
				IPHONEOS_DEPLOYMENT_TARGET = 8.0;
				MTL_ENABLE_DEBUG_INFO = YES;
				ONLY_ACTIVE_ARCH = YES;
				SDKROOT = iphoneos;
			};
			name = Debug;
		};
		3B1EEB0319E66B0F000E4927 /* Release */ = {
			isa = XCBuildConfiguration;
			buildSettings = {
				ALWAYS_SEARCH_USER_PATHS = NO;
				CLANG_CXX_LANGUAGE_STANDARD = "gnu++0x";
				CLANG_CXX_LIBRARY = "libc++";
				CLANG_ENABLE_MODULES = YES;
				CLANG_ENABLE_OBJC_ARC = YES;
				CLANG_WARN_BOOL_CONVERSION = YES;
				CLANG_WARN_CONSTANT_CONVERSION = YES;
				CLANG_WARN_DIRECT_OBJC_ISA_USAGE = YES_ERROR;
				CLANG_WARN_EMPTY_BODY = YES;
				CLANG_WARN_ENUM_CONVERSION = YES;
				CLANG_WARN_INT_CONVERSION = YES;
				CLANG_WARN_OBJC_ROOT_CLASS = YES_ERROR;
				CLANG_WARN_UNREACHABLE_CODE = YES;
				CLANG_WARN__DUPLICATE_METHOD_MATCH = YES;
				"CODE_SIGN_IDENTITY[sdk=iphoneos*]" = "iPhone Developer";
				COPY_PHASE_STRIP = YES;
				ENABLE_NS_ASSERTIONS = NO;
				ENABLE_STRICT_OBJC_MSGSEND = YES;
				GCC_C_LANGUAGE_STANDARD = gnu99;
				GCC_WARN_64_TO_32_BIT_CONVERSION = YES;
				GCC_WARN_ABOUT_RETURN_TYPE = YES_ERROR;
				GCC_WARN_UNDECLARED_SELECTOR = YES;
				GCC_WARN_UNINITIALIZED_AUTOS = YES_AGGRESSIVE;
				GCC_WARN_UNUSED_FUNCTION = YES;
				GCC_WARN_UNUSED_VARIABLE = YES;
				IPHONEOS_DEPLOYMENT_TARGET = 8.0;
				MTL_ENABLE_DEBUG_INFO = NO;
				SDKROOT = iphoneos;
				VALIDATE_PRODUCT = YES;
			};
			name = Release;
		};
		3B1EEB0519E66B0F000E4927 /* Debug */ = {
			isa = XCBuildConfiguration;
			buildSettings = {
				ASSETCATALOG_COMPILER_APPICON_NAME = AppIcon;
				INFOPLIST_FILE = WeatherTest/Info.plist;
				LD_RUNPATH_SEARCH_PATHS = "$(inherited) @executable_path/Frameworks";
				PRODUCT_NAME = "$(TARGET_NAME)";
			};
			name = Debug;
		};
		3B1EEB0619E66B0F000E4927 /* Release */ = {
			isa = XCBuildConfiguration;
			buildSettings = {
				ASSETCATALOG_COMPILER_APPICON_NAME = AppIcon;
				INFOPLIST_FILE = WeatherTest/Info.plist;
				LD_RUNPATH_SEARCH_PATHS = "$(inherited) @executable_path/Frameworks";
				PRODUCT_NAME = "$(TARGET_NAME)";
			};
			name = Release;
		};
		3B1EEB0819E66B0F000E4927 /* Debug */ = {
			isa = XCBuildConfiguration;
			buildSettings = {
				BUNDLE_LOADER = "$(TEST_HOST)";
				FRAMEWORK_SEARCH_PATHS = (
					"$(SDKROOT)/Developer/Library/Frameworks",
					"$(inherited)",
				);
				GCC_PREPROCESSOR_DEFINITIONS = (
					"DEBUG=1",
					"$(inherited)",
				);
				INFOPLIST_FILE = WeatherTestTests/Info.plist;
				LD_RUNPATH_SEARCH_PATHS = "$(inherited) @executable_path/Frameworks @loader_path/Frameworks";
				PRODUCT_NAME = "$(TARGET_NAME)";
				TEST_HOST = "$(BUILT_PRODUCTS_DIR)/WeatherTest.app/WeatherTest";
			};
			name = Debug;
		};
		3B1EEB0919E66B0F000E4927 /* Release */ = {
			isa = XCBuildConfiguration;
			buildSettings = {
				BUNDLE_LOADER = "$(TEST_HOST)";
				FRAMEWORK_SEARCH_PATHS = (
					"$(SDKROOT)/Developer/Library/Frameworks",
					"$(inherited)",
				);
				INFOPLIST_FILE = WeatherTestTests/Info.plist;
				LD_RUNPATH_SEARCH_PATHS = "$(inherited) @executable_path/Frameworks @loader_path/Frameworks";
				PRODUCT_NAME = "$(TARGET_NAME)";
				TEST_HOST = "$(BUILT_PRODUCTS_DIR)/WeatherTest.app/WeatherTest";
			};
			name = Release;
		};
/* End XCBuildConfiguration section */

/* Begin XCConfigurationList section */
		3B1EEAD919E66B0E000E4927 /* Build configuration list for PBXProject "WeatherTest" */ = {
			isa = XCConfigurationList;
			buildConfigurations = (
				3B1EEB0219E66B0F000E4927 /* Debug */,
				3B1EEB0319E66B0F000E4927 /* Release */,
			);
			defaultConfigurationIsVisible = 0;
			defaultConfigurationName = Release;
		};
		3B1EEB0419E66B0F000E4927 /* Build configuration list for PBXNativeTarget "WeatherTest" */ = {
			isa = XCConfigurationList;
			buildConfigurations = (
				3B1EEB0519E66B0F000E4927 /* Debug */,
				3B1EEB0619E66B0F000E4927 /* Release */,
			);
			defaultConfigurationIsVisible = 0;
		};
		3B1EEB0719E66B0F000E4927 /* Build configuration list for PBXNativeTarget "WeatherTestTests" */ = {
			isa = XCConfigurationList;
			buildConfigurations = (
				3B1EEB0819E66B0F000E4927 /* Debug */,
				3B1EEB0919E66B0F000E4927 /* Release */,
			);
			defaultConfigurationIsVisible = 0;
		};
/* End XCConfigurationList section */
	};
	rootObject = 3B1EEAD619E66B0E000E4927 /* Project object */;
}
